
Microsoft Visual Studio Solution File, Format Version 12.00
# Visual Studio Version 16
VisualStudioVersion = 16.0.32106.194
MinimumVisualStudioVersion = 10.0.40219.1
Project("{FAE04EC0-301F-11D3-BF4B-00C04F79EFBC}") = "QuiddlerLibrary", "QuiddlerLibrary\QuiddlerLibrary.csproj", "{2E285139-2875-491F-92B8-2A158B984196}"
EndProject
Project("{FAE04EC0-301F-11D3-BF4B-00C04F79EFBC}") = "QuiddlerClient", "QuiddlerClient\QuiddlerClient.csproj", "{7B8674E1-C311-42C2-BC74-3D92D1D3736E}"
EndProject
Global
	GlobalSection(SolutionConfigurationPlatforms) = preSolution
		Debug|Any CPU = Debug|Any CPU
		Release|Any CPU = Release|Any CPU
	EndGlobalSection
	GlobalSection(ProjectConfigurationPlatforms) = postSolution
		{2E285139-2875-491F-92B8-2A158B984196}.Debug|Any CPU.ActiveCfg = Debug|Any CPU
		{2E285139-2875-491F-92B8-2A158B984196}.Debug|Any CPU.Build.0 = Debug|Any CPU
		{2E285139-2875-491F-92B8-2A158B984196}.Release|Any CPU.ActiveCfg = Release|Any CPU
		{2E285139-2875-491F-92B8-2A158B984196}.Release|Any CPU.Build.0 = Release|Any CPU
		{7B8674E1-C311-42C2-BC74-3D92D1D3736E}.Debug|Any CPU.ActiveCfg = Debug|Any CPU
		{7B8674E1-C311-42C2-BC74-3D92D1D3736E}.Debug|Any CPU.Build.0 = Debug|Any CPU
		{7B8674E1-C311-42C2-BC74-3D92D1D3736E}.Release|Any CPU.ActiveCfg = Release|Any CPU
		{7B8674E1-C311-42C2-BC74-3D92D1D3736E}.Release|Any CPU.Build.0 = Release|Any CPU
	EndGlobalSection
	GlobalSection(SolutionProperties) = preSolution
		HideSolutionNode = FALSE
	EndGlobalSection
	GlobalSection(ExtensibilityGlobals) = postSolution
		SolutionGuid = {3D4F6020-355E-4CD1-9391-6E5E20A2ADE3}
	EndGlobalSection
EndGlobal
